
Microsoft Visual Studio Solution File, Format Version 12.00
# Visual Studio 14
VisualStudioVersion = 14.0.24720.0
MinimumVisualStudioVersion = 10.0.40219.1
Project("{FAE04EC0-301F-11D3-BF4B-00C04F79EFBC}") = "Selfnet", "Selfnet\Selfnet.csproj", "{10BF9B3A-44D5-446C-939E-615EFE448643}"
EndProject
Project("{FAE04EC0-301F-11D3-BF4B-00C04F79EFBC}") = "Selfnet.Tests", "Selfnet.Tests\Selfnet.Tests.csproj", "{FB7F08A1-6783-4B8A-B8AE-921ABC213F8C}"
EndProject
Project("{FAE04EC0-301F-11D3-BF4B-00C04F79EFBC}") = "Selfnet.App", "Selfnet.App\Selfnet.App.csproj", "{3757D933-56E5-45AE-9CD2-02A862D4387B}"
EndProject
Project("{FAE04EC0-301F-11D3-BF4B-00C04F79EFBC}") = "Selfnet.App.Tests", "Selfnet.App.Tests\Selfnet.App.Tests.csproj", "{1840C777-B0AA-4719-904E-2F06AED98606}"
EndProject
Project("{FAE04EC0-301F-11D3-BF4B-00C04F79EFBC}") = "Selfwin", "Selfwin\Selfwin.csproj", "{94B7DA5E-10AE-4DE5-B4AB-27840A23D15D}"
EndProject
Global
	GlobalSection(SolutionConfigurationPlatforms) = preSolution
		Debug|Any CPU = Debug|Any CPU
		Debug|ARM = Debug|ARM
		Debug|x64 = Debug|x64
		Debug|x86 = Debug|x86
		Release|Any CPU = Release|Any CPU
		Release|ARM = Release|ARM
		Release|x64 = Release|x64
		Release|x86 = Release|x86
	EndGlobalSection
	GlobalSection(ProjectConfigurationPlatforms) = postSolution
		{10BF9B3A-44D5-446C-939E-615EFE448643}.Debug|Any CPU.ActiveCfg = Debug|Any CPU
		{10BF9B3A-44D5-446C-939E-615EFE448643}.Debug|Any CPU.Build.0 = Debug|Any CPU
		{10BF9B3A-44D5-446C-939E-615EFE448643}.Debug|ARM.ActiveCfg = Debug|Any CPU
		{10BF9B3A-44D5-446C-939E-615EFE448643}.Debug|ARM.Build.0 = Debug|Any CPU
		{10BF9B3A-44D5-446C-939E-615EFE448643}.Debug|x64.ActiveCfg = Debug|Any CPU
		{10BF9B3A-44D5-446C-939E-615EFE448643}.Debug|x64.Build.0 = Debug|Any CPU
		{10BF9B3A-44D5-446C-939E-615EFE448643}.Debug|x86.ActiveCfg = Debug|Any CPU
		{10BF9B3A-44D5-446C-939E-615EFE448643}.Debug|x86.Build.0 = Debug|Any CPU
		{10BF9B3A-44D5-446C-939E-615EFE448643}.Release|Any CPU.ActiveCfg = Release|Any CPU
		{10BF9B3A-44D5-446C-939E-615EFE448643}.Release|Any CPU.Build.0 = Release|Any CPU
		{10BF9B3A-44D5-446C-939E-615EFE448643}.Release|ARM.ActiveCfg = Release|Any CPU
		{10BF9B3A-44D5-446C-939E-615EFE448643}.Release|ARM.Build.0 = Release|Any CPU
		{10BF9B3A-44D5-446C-939E-615EFE448643}.Release|x64.ActiveCfg = Release|Any CPU
		{10BF9B3A-44D5-446C-939E-615EFE448643}.Release|x64.Build.0 = Release|Any CPU
		{10BF9B3A-44D5-446C-939E-615EFE448643}.Release|x86.ActiveCfg = Release|Any CPU
		{10BF9B3A-44D5-446C-939E-615EFE448643}.Release|x86.Build.0 = Release|Any CPU
		{FB7F08A1-6783-4B8A-B8AE-921ABC213F8C}.Debug|Any CPU.ActiveCfg = Debug|Any CPU
		{FB7F08A1-6783-4B8A-B8AE-921ABC213F8C}.Debug|Any CPU.Build.0 = Debug|Any CPU
		{FB7F08A1-6783-4B8A-B8AE-921ABC213F8C}.Debug|ARM.ActiveCfg = Debug|Any CPU
		{FB7F08A1-6783-4B8A-B8AE-921ABC213F8C}.Debug|ARM.Build.0 = Debug|Any CPU
		{FB7F08A1-6783-4B8A-B8AE-921ABC213F8C}.Debug|x64.ActiveCfg = Debug|Any CPU
		{FB7F08A1-6783-4B8A-B8AE-921ABC213F8C}.Debug|x64.Build.0 = Debug|Any CPU
		{FB7F08A1-6783-4B8A-B8AE-921ABC213F8C}.Debug|x86.ActiveCfg = Debug|Any CPU
		{FB7F08A1-6783-4B8A-B8AE-921ABC213F8C}.Debug|x86.Build.0 = Debug|Any CPU
		{FB7F08A1-6783-4B8A-B8AE-921ABC213F8C}.Release|Any CPU.ActiveCfg = Release|Any CPU
		{FB7F08A1-6783-4B8A-B8AE-921ABC213F8C}.Release|Any CPU.Build.0 = Release|Any CPU
		{FB7F08A1-6783-4B8A-B8AE-921ABC213F8C}.Release|ARM.ActiveCfg = Release|Any CPU
		{FB7F08A1-6783-4B8A-B8AE-921ABC213F8C}.Release|ARM.Build.0 = Release|Any CPU
		{FB7F08A1-6783-4B8A-B8AE-921ABC213F8C}.Release|x64.ActiveCfg = Release|Any CPU
		{FB7F08A1-6783-4B8A-B8AE-921ABC213F8C}.Release|x64.Build.0 = Release|Any CPU
		{FB7F08A1-6783-4B8A-B8AE-921ABC213F8C}.Release|x86.ActiveCfg = Release|Any CPU
		{FB7F08A1-6783-4B8A-B8AE-921ABC213F8C}.Release|x86.Build.0 = Release|Any CPU
		{3757D933-56E5-45AE-9CD2-02A862D4387B}.Debug|Any CPU.ActiveCfg = Debug|Any CPU
		{3757D933-56E5-45AE-9CD2-02A862D4387B}.Debug|Any CPU.Build.0 = Debug|Any CPU
		{3757D933-56E5-45AE-9CD2-02A862D4387B}.Debug|ARM.ActiveCfg = Debug|Any CPU
		{3757D933-56E5-45AE-9CD2-02A862D4387B}.Debug|ARM.Build.0 = Debug|Any CPU
		{3757D933-56E5-45AE-9CD2-02A862D4387B}.Debug|x64.ActiveCfg = Debug|Any CPU
		{3757D933-56E5-45AE-9CD2-02A862D4387B}.Debug|x64.Build.0 = Debug|Any CPU
		{3757D933-56E5-45AE-9CD2-02A862D4387B}.Debug|x86.ActiveCfg = Debug|Any CPU
		{3757D933-56E5-45AE-9CD2-02A862D4387B}.Debug|x86.Build.0 = Debug|Any CPU
		{3757D933-56E5-45AE-9CD2-02A862D4387B}.Release|Any CPU.ActiveCfg = Release|Any CPU
		{3757D933-56E5-45AE-9CD2-02A862D4387B}.Release|Any CPU.Build.0 = Release|Any CPU
		{3757D933-56E5-45AE-9CD2-02A862D4387B}.Release|ARM.ActiveCfg = Release|Any CPU
		{3757D933-56E5-45AE-9CD2-02A862D4387B}.Release|ARM.Build.0 = Release|Any CPU
		{3757D933-56E5-45AE-9CD2-02A862D4387B}.Release|x64.ActiveCfg = Release|Any CPU
		{3757D933-56E5-45AE-9CD2-02A862D4387B}.Release|x64.Build.0 = Release|Any CPU
		{3757D933-56E5-45AE-9CD2-02A862D4387B}.Release|x86.ActiveCfg = Release|Any CPU
		{3757D933-56E5-45AE-9CD2-02A862D4387B}.Release|x86.Build.0 = Release|Any CPU
		{1840C777-B0AA-4719-904E-2F06AED98606}.Debug|Any CPU.ActiveCfg = Debug|Any CPU
		{1840C777-B0AA-4719-904E-2F06AED98606}.Debug|Any CPU.Build.0 = Debug|Any CPU
		{1840C777-B0AA-4719-904E-2F06AED98606}.Debug|ARM.ActiveCfg = Debug|Any CPU
		{1840C777-B0AA-4719-904E-2F06AED98606}.Debug|ARM.Build.0 = Debug|Any CPU
		{1840C777-B0AA-4719-904E-2F06AED98606}.Debug|x64.ActiveCfg = Debug|Any CPU
		{1840C777-B0AA-4719-904E-2F06AED98606}.Debug|x64.Build.0 = Debug|Any CPU
		{1840C777-B0AA-4719-904E-2F06AED98606}.Debug|x86.ActiveCfg = Debug|Any CPU
		{1840C777-B0AA-4719-904E-2F06AED98606}.Debug|x86.Build.0 = Debug|Any CPU
		{1840C777-B0AA-4719-904E-2F06AED98606}.Release|Any CPU.ActiveCfg = Release|Any CPU
		{1840C777-B0AA-4719-904E-2F06AED98606}.Release|Any CPU.Build.0 = Release|Any CPU
		{1840C777-B0AA-4719-904E-2F06AED98606}.Release|ARM.ActiveCfg = Release|Any CPU
		{1840C777-B0AA-4719-904E-2F06AED98606}.Release|ARM.Build.0 = Release|Any CPU
		{1840C777-B0AA-4719-904E-2F06AED98606}.Release|x64.ActiveCfg = Release|Any CPU
		{1840C777-B0AA-4719-904E-2F06AED98606}.Release|x64.Build.0 = Release|Any CPU
		{1840C777-B0AA-4719-904E-2F06AED98606}.Release|x86.ActiveCfg = Release|Any CPU
		{1840C777-B0AA-4719-904E-2F06AED98606}.Release|x86.Build.0 = Release|Any CPU
		{94B7DA5E-10AE-4DE5-B4AB-27840A23D15D}.Debug|Any CPU.ActiveCfg = Debug|x86
		{94B7DA5E-10AE-4DE5-B4AB-27840A23D15D}.Debug|Any CPU.Build.0 = Debug|x86
		{94B7DA5E-10AE-4DE5-B4AB-27840A23D15D}.Debug|Any CPU.Deploy.0 = Debug|x86
		{94B7DA5E-10AE-4DE5-B4AB-27840A23D15D}.Debug|ARM.ActiveCfg = Debug|ARM
		{94B7DA5E-10AE-4DE5-B4AB-27840A23D15D}.Debug|ARM.Build.0 = Debug|ARM
		{94B7DA5E-10AE-4DE5-B4AB-27840A23D15D}.Debug|ARM.Deploy.0 = Debug|ARM
		{94B7DA5E-10AE-4DE5-B4AB-27840A23D15D}.Debug|x64.ActiveCfg = Debug|x64
		{94B7DA5E-10AE-4DE5-B4AB-27840A23D15D}.Debug|x64.Build.0 = Debug|x64
		{94B7DA5E-10AE-4DE5-B4AB-27840A23D15D}.Debug|x64.Deploy.0 = Debug|x64
		{94B7DA5E-10AE-4DE5-B4AB-27840A23D15D}.Debug|x86.ActiveCfg = Debug|x86
		{94B7DA5E-10AE-4DE5-B4AB-27840A23D15D}.Debug|x86.Build.0 = Debug|x86
		{94B7DA5E-10AE-4DE5-B4AB-27840A23D15D}.Debug|x86.Deploy.0 = Debug|x86
		{94B7DA5E-10AE-4DE5-B4AB-27840A23D15D}.Release|Any CPU.ActiveCfg = Release|x86
		{94B7DA5E-10AE-4DE5-B4AB-27840A23D15D}.Release|ARM.ActiveCfg = Release|ARM
		{94B7DA5E-10AE-4DE5-B4AB-27840A23D15D}.Release|ARM.Build.0 = Release|ARM
		{94B7DA5E-10AE-4DE5-B4AB-27840A23D15D}.Release|ARM.Deploy.0 = Release|ARM
		{94B7DA5E-10AE-4DE5-B4AB-27840A23D15D}.Release|x64.ActiveCfg = Release|x64
		{94B7DA5E-10AE-4DE5-B4AB-27840A23D15D}.Release|x64.Build.0 = Release|x64
		{94B7DA5E-10AE-4DE5-B4AB-27840A23D15D}.Release|x64.Deploy.0 = Release|x64
		{94B7DA5E-10AE-4DE5-B4AB-27840A23D15D}.Release|x86.ActiveCfg = Release|x86
		{94B7DA5E-10AE-4DE5-B4AB-27840A23D15D}.Release|x86.Build.0 = Release|x86
		{94B7DA5E-10AE-4DE5-B4AB-27840A23D15D}.Release|x86.Deploy.0 = Release|x86
	EndGlobalSection
	GlobalSection(SolutionProperties) = preSolution
		HideSolutionNode = FALSE
	EndGlobalSection
EndGlobal
